
Microsoft Visual Studio Solution File, Format Version 12.00
# Visual Studio Version 16
VisualStudioVersion = 16.0.29215.179
MinimumVisualStudioVersion = 10.0.40219.1
Project("{FAE04EC0-301F-11D3-BF4B-00C04F79EFBC}") = "ThingsWeNeed", "ThingsWeNeed\ThingsWeNeed.csproj", "{2A5ABB09-80AE-407A-880B-0850D2290FF8}"
EndProject
Project("{FAE04EC0-301F-11D3-BF4B-00C04F79EFBC}") = "TestConsoleApp", "TestConsoleApp\TestConsoleApp.csproj", "{8FC00792-96AB-47D7-8E7C-14ECE0F62F1F}"
EndProject
Project("{FAE04EC0-301F-11D3-BF4B-00C04F79EFBC}") = "Tests", "Tests\Tests.csproj", "{E884062B-6730-4EE3-B566-2DE19D6B6DCF}"
EndProject
Project("{FAE04EC0-301F-11D3-BF4B-00C04F79EFBC}") = "TwnData", "DataModel\TwnData.csproj", "{162F3CEA-A2D3-4559-88DF-D398FEC76C42}"
EndProject
Global
	GlobalSection(SolutionConfigurationPlatforms) = preSolution
		ConsoleTest|Any CPU = ConsoleTest|Any CPU
		Debug|Any CPU = Debug|Any CPU
		Release|Any CPU = Release|Any CPU
	EndGlobalSection
	GlobalSection(ProjectConfigurationPlatforms) = postSolution
		{2A5ABB09-80AE-407A-880B-0850D2290FF8}.ConsoleTest|Any CPU.ActiveCfg = ConsoleTest|Any CPU
		{2A5ABB09-80AE-407A-880B-0850D2290FF8}.Debug|Any CPU.ActiveCfg = Debug|Any CPU
		{2A5ABB09-80AE-407A-880B-0850D2290FF8}.Debug|Any CPU.Build.0 = Debug|Any CPU
		{2A5ABB09-80AE-407A-880B-0850D2290FF8}.Release|Any CPU.ActiveCfg = Release|Any CPU
		{2A5ABB09-80AE-407A-880B-0850D2290FF8}.Release|Any CPU.Build.0 = Release|Any CPU
		{8FC00792-96AB-47D7-8E7C-14ECE0F62F1F}.ConsoleTest|Any CPU.ActiveCfg = ConsoleTest|Any CPU
		{8FC00792-96AB-47D7-8E7C-14ECE0F62F1F}.ConsoleTest|Any CPU.Build.0 = ConsoleTest|Any CPU
		{8FC00792-96AB-47D7-8E7C-14ECE0F62F1F}.Debug|Any CPU.ActiveCfg = Debug|Any CPU
		{8FC00792-96AB-47D7-8E7C-14ECE0F62F1F}.Debug|Any CPU.Build.0 = Debug|Any CPU
		{8FC00792-96AB-47D7-8E7C-14ECE0F62F1F}.Release|Any CPU.ActiveCfg = Release|Any CPU
		{8FC00792-96AB-47D7-8E7C-14ECE0F62F1F}.Release|Any CPU.Build.0 = Release|Any CPU
		{E884062B-6730-4EE3-B566-2DE19D6B6DCF}.ConsoleTest|Any CPU.ActiveCfg = Release|Any CPU
		{E884062B-6730-4EE3-B566-2DE19D6B6DCF}.ConsoleTest|Any CPU.Build.0 = Release|Any CPU
		{E884062B-6730-4EE3-B566-2DE19D6B6DCF}.Debug|Any CPU.ActiveCfg = Debug|Any CPU
		{E884062B-6730-4EE3-B566-2DE19D6B6DCF}.Debug|Any CPU.Build.0 = Debug|Any CPU
		{E884062B-6730-4EE3-B566-2DE19D6B6DCF}.Release|Any CPU.ActiveCfg = Release|Any CPU
		{E884062B-6730-4EE3-B566-2DE19D6B6DCF}.Release|Any CPU.Build.0 = Release|Any CPU
		{162F3CEA-A2D3-4559-88DF-D398FEC76C42}.ConsoleTest|Any CPU.ActiveCfg = Release|Any CPU
		{162F3CEA-A2D3-4559-88DF-D398FEC76C42}.ConsoleTest|Any CPU.Build.0 = Release|Any CPU
		{162F3CEA-A2D3-4559-88DF-D398FEC76C42}.Debug|Any CPU.ActiveCfg = Debug|Any CPU
		{162F3CEA-A2D3-4559-88DF-D398FEC76C42}.Debug|Any CPU.Build.0 = Debug|Any CPU
		{162F3CEA-A2D3-4559-88DF-D398FEC76C42}.Release|Any CPU.ActiveCfg = Release|Any CPU
		{162F3CEA-A2D3-4559-88DF-D398FEC76C42}.Release|Any CPU.Build.0 = Release|Any CPU
	EndGlobalSection
	GlobalSection(SolutionProperties) = preSolution
		HideSolutionNode = FALSE
	EndGlobalSection
	GlobalSection(ExtensibilityGlobals) = postSolution
		SolutionGuid = {3C4F90A3-93C0-475F-B191-279B97B1FAC4}
	EndGlobalSection
EndGlobal
