
Microsoft Visual Studio Solution File, Format Version 12.00
# Visual Studio Version 16
VisualStudioVersion = 16.0.29509.3
MinimumVisualStudioVersion = 10.0.40219.1
Project("{FAE04EC0-301F-11D3-BF4B-00C04F79EFBC}") = "ThingsWeNeed", "ThingsWeNeed\ThingsWeNeed.csproj", "{04DD1982-9186-4239-B505-704808BB0398}"
EndProject
Project("{FAE04EC0-301F-11D3-BF4B-00C04F79EFBC}") = "TwnData", "TwnData\TwnData.csproj", "{2EFE4396-90C7-4FC9-93C5-E1B46A4A6BD0}"
EndProject
Global
	GlobalSection(SolutionConfigurationPlatforms) = preSolution
		Debug|Any CPU = Debug|Any CPU
		Release|Any CPU = Release|Any CPU
	EndGlobalSection
	GlobalSection(ProjectConfigurationPlatforms) = postSolution
		{04DD1982-9186-4239-B505-704808BB0398}.Debug|Any CPU.ActiveCfg = Debug|Any CPU
		{04DD1982-9186-4239-B505-704808BB0398}.Debug|Any CPU.Build.0 = Debug|Any CPU
		{04DD1982-9186-4239-B505-704808BB0398}.Release|Any CPU.ActiveCfg = Release|Any CPU
		{04DD1982-9186-4239-B505-704808BB0398}.Release|Any CPU.Build.0 = Release|Any CPU
		{2EFE4396-90C7-4FC9-93C5-E1B46A4A6BD0}.Debug|Any CPU.ActiveCfg = Debug|Any CPU
		{2EFE4396-90C7-4FC9-93C5-E1B46A4A6BD0}.Debug|Any CPU.Build.0 = Debug|Any CPU
		{2EFE4396-90C7-4FC9-93C5-E1B46A4A6BD0}.Release|Any CPU.ActiveCfg = Release|Any CPU
		{2EFE4396-90C7-4FC9-93C5-E1B46A4A6BD0}.Release|Any CPU.Build.0 = Release|Any CPU
	EndGlobalSection
	GlobalSection(SolutionProperties) = preSolution
		HideSolutionNode = FALSE
	EndGlobalSection
	GlobalSection(ExtensibilityGlobals) = postSolution
		SolutionGuid = {F4E7C543-D523-4BED-9BC8-21DF56B382C9}
	EndGlobalSection
EndGlobal
